PODS:
  - ZWBaseManager (0.1.3):
    - ZWBaseManager/Base (= 0.1.3)
    - ZWBaseManager/Category (= 0.1.3)
  - ZWBaseManager/Base (0.1.3)
  - ZWBaseManager/Category (0.1.3)
  - ZWMainTabBarManager (0.1.4):
    - ZWBaseManager

DEPENDENCIES:
  - ZWMainTabBarManager (from `../`)

EXTERNAL SOURCES:
  ZWMainTabBarManager:
    :path: ../

SPEC CHECKSUMS:
  ZWBaseManager: 33b323f231b7111004616e986099ffebd8d19adc
  ZWMainTabBarManager: 01001ff62c87792bea40fdf2eadd735e41a6a125

PODFILE CHECKSUM: 74b30b6440a015e4827e5b5b5945f4a18c8c3523

COCOAPODS: 1.2.0.beta.1
